
Microsoft Visual Studio Solution File, Format Version 12.00
# Visual Studio 14
VisualStudioVersion = 14.0.25123.0
MinimumVisualStudioVersion = 10.0.40219.1
Project("{FAE04EC0-301F-11D3-BF4B-00C04F79EFBC}") = "OnTheRoad", "OnTheRoad\OnTheRoad.csproj", "{78256B09-977F-472E-9455-54A5B27199F6}"
EndProject
Project("{FAE04EC0-301F-11D3-BF4B-00C04F79EFBC}") = "OnTheRoad.Identity", "OnTheRoad.Identity\OnTheRoad.Identity.csproj", "{AF550F2B-B00A-4835-8DF7-995FC7F863CF}"
EndProject
Project("{FAE04EC0-301F-11D3-BF4B-00C04F79EFBC}") = "OnTheRoad.Domain", "OnTheRoad.Domain\OnTheRoad.Domain.csproj", "{C7B621AB-03D3-42F6-B2DF-92FA0B0AF86E}"
EndProject
Project("{FAE04EC0-301F-11D3-BF4B-00C04F79EFBC}") = "OnTheRoad.Data", "OnTheRoad.Data\OnTheRoad.Data.csproj", "{95562E63-DC49-42F5-AE33-E32A29EB5997}"
EndProject
Project("{FAE04EC0-301F-11D3-BF4B-00C04F79EFBC}") = "OnTheRoad.Logic", "OnTheRoad.Logic\OnTheRoad.Logic.csproj", "{E4B2C057-17CB-4DA4-BD4F-148BF976591C}"
EndProject
Project("{FAE04EC0-301F-11D3-BF4B-00C04F79EFBC}") = "CoverDependency", "CoverDependency\CoverDependency.csproj", "{9ABFBBD5-D2BD-414F-B9C0-761D817E60E1}"
EndProject
Project("{FAE04EC0-301F-11D3-BF4B-00C04F79EFBC}") = "OnTheRoad.Mvp", "OnTheRoad.Mvp\OnTheRoad.Mvp.csproj", "{E19CA2C7-FCB4-4A9B-8DE4-4E9CA600BF26}"
EndProject
Project("{FAE04EC0-301F-11D3-BF4B-00C04F79EFBC}") = "OnTheRoad.Logic.Tests", "OnTheRoad.Logic.Tests\OnTheRoad.Logic.Tests.csproj", "{3333658D-7887-4068-A71A-8A55C98BA5B2}"
EndProject
Project("{FAE04EC0-301F-11D3-BF4B-00C04F79EFBC}") = "OnTheRoad.Data.Tests", "OnTheRoad.Data.Tests\OnTheRoad.Data.Tests.csproj", "{58A80396-6262-40F8-B8AE-DE54D0722DEC}"
EndProject
Project("{FAE04EC0-301F-11D3-BF4B-00C04F79EFBC}") = "OnTheRoad.MVC", "OnTheRoad.MVC\OnTheRoad.MVC.csproj", "{B829F56E-0177-4AF7-A117-047EBE08D564}"
EndProject
Project("{FAE04EC0-301F-11D3-BF4B-00C04F79EFBC}") = "OnTheRoad.MVC.Tests", "OnTheRoad.MVC.Tests\OnTheRoad.MVC.Tests.csproj", "{D4711563-2ECA-49FA-A061-3AD638A30E93}"
EndProject
Project("{FAE04EC0-301F-11D3-BF4B-00C04F79EFBC}") = "OnTheRoad.Infrastructure", "OnTheRoad.Infrastructure\OnTheRoad.Infrastructure.csproj", "{D57449C6-5B6D-4B85-B71C-0B3646EF38C0}"
EndProject
Global
	GlobalSection(SolutionConfigurationPlatforms) = preSolution
		Debug|Any CPU = Debug|Any CPU
		Release|Any CPU = Release|Any CPU
	EndGlobalSection
	GlobalSection(ProjectConfigurationPlatforms) = postSolution
		{78256B09-977F-472E-9455-54A5B27199F6}.Debug|Any CPU.ActiveCfg = Debug|Any CPU
		{78256B09-977F-472E-9455-54A5B27199F6}.Debug|Any CPU.Build.0 = Debug|Any CPU
		{78256B09-977F-472E-9455-54A5B27199F6}.Release|Any CPU.ActiveCfg = Release|Any CPU
		{78256B09-977F-472E-9455-54A5B27199F6}.Release|Any CPU.Build.0 = Release|Any CPU
		{AF550F2B-B00A-4835-8DF7-995FC7F863CF}.Debug|Any CPU.ActiveCfg = Debug|Any CPU
		{AF550F2B-B00A-4835-8DF7-995FC7F863CF}.Debug|Any CPU.Build.0 = Debug|Any CPU
		{AF550F2B-B00A-4835-8DF7-995FC7F863CF}.Release|Any CPU.ActiveCfg = Release|Any CPU
		{AF550F2B-B00A-4835-8DF7-995FC7F863CF}.Release|Any CPU.Build.0 = Release|Any CPU
		{C7B621AB-03D3-42F6-B2DF-92FA0B0AF86E}.Debug|Any CPU.ActiveCfg = Debug|Any CPU
		{C7B621AB-03D3-42F6-B2DF-92FA0B0AF86E}.Debug|Any CPU.Build.0 = Debug|Any CPU
		{C7B621AB-03D3-42F6-B2DF-92FA0B0AF86E}.Release|Any CPU.ActiveCfg = Release|Any CPU
		{C7B621AB-03D3-42F6-B2DF-92FA0B0AF86E}.Release|Any CPU.Build.0 = Release|Any CPU
		{95562E63-DC49-42F5-AE33-E32A29EB5997}.Debug|Any CPU.ActiveCfg = Debug|Any CPU
		{95562E63-DC49-42F5-AE33-E32A29EB5997}.Debug|Any CPU.Build.0 = Debug|Any CPU
		{95562E63-DC49-42F5-AE33-E32A29EB5997}.Release|Any CPU.ActiveCfg = Release|Any CPU
		{95562E63-DC49-42F5-AE33-E32A29EB5997}.Release|Any CPU.Build.0 = Release|Any CPU
		{E4B2C057-17CB-4DA4-BD4F-148BF976591C}.Debug|Any CPU.ActiveCfg = Debug|Any CPU
		{E4B2C057-17CB-4DA4-BD4F-148BF976591C}.Debug|Any CPU.Build.0 = Debug|Any CPU
		{E4B2C057-17CB-4DA4-BD4F-148BF976591C}.Release|Any CPU.ActiveCfg = Release|Any CPU
		{E4B2C057-17CB-4DA4-BD4F-148BF976591C}.Release|Any CPU.Build.0 = Release|Any CPU
		{9ABFBBD5-D2BD-414F-B9C0-761D817E60E1}.Debug|Any CPU.ActiveCfg = Debug|Any CPU
		{9ABFBBD5-D2BD-414F-B9C0-761D817E60E1}.Debug|Any CPU.Build.0 = Debug|Any CPU
		{9ABFBBD5-D2BD-414F-B9C0-761D817E60E1}.Release|Any CPU.ActiveCfg = Release|Any CPU
		{9ABFBBD5-D2BD-414F-B9C0-761D817E60E1}.Release|Any CPU.Build.0 = Release|Any CPU
		{E19CA2C7-FCB4-4A9B-8DE4-4E9CA600BF26}.Debug|Any CPU.ActiveCfg = Debug|Any CPU
		{E19CA2C7-FCB4-4A9B-8DE4-4E9CA600BF26}.Debug|Any CPU.Build.0 = Debug|Any CPU
		{E19CA2C7-FCB4-4A9B-8DE4-4E9CA600BF26}.Release|Any CPU.ActiveCfg = Release|Any CPU
		{E19CA2C7-FCB4-4A9B-8DE4-4E9CA600BF26}.Release|Any CPU.Build.0 = Release|Any CPU
		{3333658D-7887-4068-A71A-8A55C98BA5B2}.Debug|Any CPU.ActiveCfg = Debug|Any CPU
		{3333658D-7887-4068-A71A-8A55C98BA5B2}.Debug|Any CPU.Build.0 = Debug|Any CPU
		{3333658D-7887-4068-A71A-8A55C98BA5B2}.Release|Any CPU.ActiveCfg = Release|Any CPU
		{3333658D-7887-4068-A71A-8A55C98BA5B2}.Release|Any CPU.Build.0 = Release|Any CPU
		{58A80396-6262-40F8-B8AE-DE54D0722DEC}.Debug|Any CPU.ActiveCfg = Debug|Any CPU
		{58A80396-6262-40F8-B8AE-DE54D0722DEC}.Debug|Any CPU.Build.0 = Debug|Any CPU
		{58A80396-6262-40F8-B8AE-DE54D0722DEC}.Release|Any CPU.ActiveCfg = Release|Any CPU
		{58A80396-6262-40F8-B8AE-DE54D0722DEC}.Release|Any CPU.Build.0 = Release|Any CPU
		{B829F56E-0177-4AF7-A117-047EBE08D564}.Debug|Any CPU.ActiveCfg = Debug|Any CPU
		{B829F56E-0177-4AF7-A117-047EBE08D564}.Debug|Any CPU.Build.0 = Debug|Any CPU
		{B829F56E-0177-4AF7-A117-047EBE08D564}.Release|Any CPU.ActiveCfg = Release|Any CPU
		{B829F56E-0177-4AF7-A117-047EBE08D564}.Release|Any CPU.Build.0 = Release|Any CPU
		{D4711563-2ECA-49FA-A061-3AD638A30E93}.Debug|Any CPU.ActiveCfg = Debug|Any CPU
		{D4711563-2ECA-49FA-A061-3AD638A30E93}.Debug|Any CPU.Build.0 = Debug|Any CPU
		{D4711563-2ECA-49FA-A061-3AD638A30E93}.Release|Any CPU.ActiveCfg = Release|Any CPU
		{D4711563-2ECA-49FA-A061-3AD638A30E93}.Release|Any CPU.Build.0 = Release|Any CPU
		{D57449C6-5B6D-4B85-B71C-0B3646EF38C0}.Debug|Any CPU.ActiveCfg = Debug|Any CPU
		{D57449C6-5B6D-4B85-B71C-0B3646EF38C0}.Debug|Any CPU.Build.0 = Debug|Any CPU
		{D57449C6-5B6D-4B85-B71C-0B3646EF38C0}.Release|Any CPU.ActiveCfg = Release|Any CPU
		{D57449C6-5B6D-4B85-B71C-0B3646EF38C0}.Release|Any CPU.Build.0 = Release|Any CPU
	EndGlobalSection
	GlobalSection(SolutionProperties) = preSolution
		HideSolutionNode = FALSE
	EndGlobalSection
EndGlobal
