
Microsoft Visual Studio Solution File, Format Version 12.00
# Visual Studio 14
VisualStudioVersion = 14.0.25420.1
MinimumVisualStudioVersion = 10.0.40219.1
Project("{FAE04EC0-301F-11D3-BF4B-00C04F79EFBC}") = "OnTheRoad", "OnTheRoad\OnTheRoad.csproj", "{78256B09-977F-472E-9455-54A5B27199F6}"
EndProject
Project("{FAE04EC0-301F-11D3-BF4B-00C04F79EFBC}") = "OnTheRoad.Identity", "OnTheRoad.Identity\OnTheRoad.Identity.csproj", "{AF550F2B-B00A-4835-8DF7-995FC7F863CF}"
EndProject
Project("{FAE04EC0-301F-11D3-BF4B-00C04F79EFBC}") = "OnTheRoad.Presenters.Tests", "OnTheRoad.Presenters.Tests\OnTheRoad.Presenters.Tests.csproj", "{2AF9C97A-DA10-4215-947E-3CC6B551C9DC}"
EndProject
Global
	GlobalSection(SolutionConfigurationPlatforms) = preSolution
		Debug|Any CPU = Debug|Any CPU
		Release|Any CPU = Release|Any CPU
	EndGlobalSection
	GlobalSection(ProjectConfigurationPlatforms) = postSolution
		{78256B09-977F-472E-9455-54A5B27199F6}.Debug|Any CPU.ActiveCfg = Debug|Any CPU
		{78256B09-977F-472E-9455-54A5B27199F6}.Debug|Any CPU.Build.0 = Debug|Any CPU
		{78256B09-977F-472E-9455-54A5B27199F6}.Release|Any CPU.ActiveCfg = Release|Any CPU
		{78256B09-977F-472E-9455-54A5B27199F6}.Release|Any CPU.Build.0 = Release|Any CPU
		{AF550F2B-B00A-4835-8DF7-995FC7F863CF}.Debug|Any CPU.ActiveCfg = Debug|Any CPU
		{AF550F2B-B00A-4835-8DF7-995FC7F863CF}.Debug|Any CPU.Build.0 = Debug|Any CPU
		{AF550F2B-B00A-4835-8DF7-995FC7F863CF}.Release|Any CPU.ActiveCfg = Release|Any CPU
		{AF550F2B-B00A-4835-8DF7-995FC7F863CF}.Release|Any CPU.Build.0 = Release|Any CPU
		{2AF9C97A-DA10-4215-947E-3CC6B551C9DC}.Debug|Any CPU.ActiveCfg = Debug|Any CPU
		{2AF9C97A-DA10-4215-947E-3CC6B551C9DC}.Debug|Any CPU.Build.0 = Debug|Any CPU
		{2AF9C97A-DA10-4215-947E-3CC6B551C9DC}.Release|Any CPU.ActiveCfg = Release|Any CPU
		{2AF9C97A-DA10-4215-947E-3CC6B551C9DC}.Release|Any CPU.Build.0 = Release|Any CPU
	EndGlobalSection
	GlobalSection(SolutionProperties) = preSolution
		HideSolutionNode = FALSE
	EndGlobalSection
EndGlobal
